
Microsoft Visual Studio Solution File, Format Version 12.00
# Visual Studio 15
VisualStudioVersion = 15.0.28307.572
MinimumVisualStudioVersion = 10.0.40219.1
Project("{FAE04EC0-301F-11D3-BF4B-00C04F79EFBC}") = "SweetSweetCode", "SweetSweetCode.csproj", "{1BE2E19B-058E-4D5D-97BB-45691DF9A919}"
EndProject
Global
	GlobalSection(SolutionConfigurationPlatforms) = preSolution
		Debug|Any CPU = Debug|Any CPU
		Release|Any CPU = Release|Any CPU
	EndGlobalSection
	GlobalSection(ProjectConfigurationPlatforms) = postSolution
		{1BE2E19B-058E-4D5D-97BB-45691DF9A919}.Debug|Any CPU.ActiveCfg = Debug|Any CPU
		{1BE2E19B-058E-4D5D-97BB-45691DF9A919}.Debug|Any CPU.Build.0 = Debug|Any CPU
		{1BE2E19B-058E-4D5D-97BB-45691DF9A919}.Release|Any CPU.ActiveCfg = Release|Any CPU
		{1BE2E19B-058E-4D5D-97BB-45691DF9A919}.Release|Any CPU.Build.0 = Release|Any CPU
	EndGlobalSection
	GlobalSection(SolutionProperties) = preSolution
		HideSolutionNode = FALSE
	EndGlobalSection
	GlobalSection(ExtensibilityGlobals) = postSolution
		SolutionGuid = {D06ED795-E944-44D3-BF69-E875A37168A5}
	EndGlobalSection
EndGlobal
